
Microsoft Visual Studio Solution File, Format Version 12.00
# Visual Studio Version 16
VisualStudioVersion = 16.0.31729.503
MinimumVisualStudioVersion = 10.0.40219.1
Project("{8BC9CEB8-8B4A-11D0-8D11-00A0C91BC942}") = "AVL", "AVL\AVL.vcxproj", "{9C853EE9-20AF-482F-89E8-03E8513F8FD3}"
EndProject
Global
	GlobalSection(SolutionConfigurationPlatforms) = preSolution
		Debug|x64 = Debug|x64
		Debug|x86 = Debug|x86
		Release|x64 = Release|x64
		Release|x86 = Release|x86
	EndGlobalSection
	GlobalSection(ProjectConfigurationPlatforms) = postSolution
		{9C853EE9-20AF-482F-89E8-03E8513F8FD3}.Debug|x64.ActiveCfg = Debug|x64
		{9C853EE9-20AF-482F-89E8-03E8513F8FD3}.Debug|x64.Build.0 = Debug|x64
		{9C853EE9-20AF-482F-89E8-03E8513F8FD3}.Debug|x86.ActiveCfg = Debug|Win32
		{9C853EE9-20AF-482F-89E8-03E8513F8FD3}.Debug|x86.Build.0 = Debug|Win32
		{9C853EE9-20AF-482F-89E8-03E8513F8FD3}.Release|x64.ActiveCfg = Release|x64
		{9C853EE9-20AF-482F-89E8-03E8513F8FD3}.Release|x64.Build.0 = Release|x64
		{9C853EE9-20AF-482F-89E8-03E8513F8FD3}.Release|x86.ActiveCfg = Release|Win32
		{9C853EE9-20AF-482F-89E8-03E8513F8FD3}.Release|x86.Build.0 = Release|Win32
	EndGlobalSection
	GlobalSection(SolutionProperties) = preSolution
		HideSolutionNode = FALSE
	EndGlobalSection
	GlobalSection(ExtensibilityGlobals) = postSolution
		SolutionGuid = {45D0242C-EE07-4300-B3FA-099B47324C33}
	EndGlobalSection
EndGlobal
